
Microsoft Visual Studio Solution File, Format Version 12.00
# Visual Studio Version 16
VisualStudioVersion = 16.0.34114.132
MinimumVisualStudioVersion = 10.0.40219.1
Project("{FAE04EC0-301F-11D3-BF4B-00C04F79EFBC}") = "CalcIndep_Carpeta", "CalcIndep_Carpeta\CalcIndep_Carpeta.csproj", "{7051DFD6-C633-40A1-81E3-BD3901439CAD}"
EndProject
Project("{2150E333-8FDC-42A3-9474-1A3956D46DE8}") = "Solution Items", "Solution Items", "{1A88076C-7B71-409F-A7F9-BA5E3E8DA09B}"
	ProjectSection(SolutionItems) = preProject
		CalcIndep_Carpeta\Form2.cs = CalcIndep_Carpeta\Form2.cs
		CalcIndep_Carpeta\Form2.Designer.cs = CalcIndep_Carpeta\Form2.Designer.cs
		CalcIndep_Carpeta\Form2.resx = CalcIndep_Carpeta\Form2.resx
	EndProjectSection
EndProject
Global
	GlobalSection(SolutionConfigurationPlatforms) = preSolution
		Debug|Any CPU = Debug|Any CPU
		Release|Any CPU = Release|Any CPU
	EndGlobalSection
	GlobalSection(ProjectConfigurationPlatforms) = postSolution
		{7051DFD6-C633-40A1-81E3-BD3901439CAD}.Debug|Any CPU.ActiveCfg = Debug|Any CPU
		{7051DFD6-C633-40A1-81E3-BD3901439CAD}.Debug|Any CPU.Build.0 = Debug|Any CPU
		{7051DFD6-C633-40A1-81E3-BD3901439CAD}.Release|Any CPU.ActiveCfg = Release|Any CPU
		{7051DFD6-C633-40A1-81E3-BD3901439CAD}.Release|Any CPU.Build.0 = Release|Any CPU
	EndGlobalSection
	GlobalSection(SolutionProperties) = preSolution
		HideSolutionNode = FALSE
	EndGlobalSection
	GlobalSection(ExtensibilityGlobals) = postSolution
		SolutionGuid = {6518262D-3F79-421E-9950-7D460C48EE4D}
	EndGlobalSection
EndGlobal
